
Microsoft Visual Studio Solution File, Format Version 12.00
# Visual Studio 15
VisualStudioVersion = 15.0.28010.2050
MinimumVisualStudioVersion = 10.0.40219.1
Project("{FAE04EC0-301F-11D3-BF4B-00C04F79EFBC}") = "YQApi", "YQApi\YQApi.csproj", "{275FFCC3-000C-4F39-A2AD-6BC9A44679E3}"
EndProject
Project("{FAE04EC0-301F-11D3-BF4B-00C04F79EFBC}") = "Model", "Model\Model.csproj", "{DF08F59C-716C-4638-A0C0-C253A0CB4169}"
EndProject
Project("{FAE04EC0-301F-11D3-BF4B-00C04F79EFBC}") = "DAL", "DAL\DAL.csproj", "{547C3872-1B0D-4DAB-9FA3-B337EB86EF68}"
EndProject
Project("{FAE04EC0-301F-11D3-BF4B-00C04F79EFBC}") = "BLL", "BLL\BLL.csproj", "{8DB5B82E-68C8-44D2-949D-A2C9E236E7CF}"
EndProject
Project("{FAE04EC0-301F-11D3-BF4B-00C04F79EFBC}") = "Commen", "Commen\Commen.csproj", "{0CE6D121-449B-4760-A572-C745923C7479}"
EndProject
Global
	GlobalSection(SolutionConfigurationPlatforms) = preSolution
		Debug|Any CPU = Debug|Any CPU
		Release|Any CPU = Release|Any CPU
	EndGlobalSection
	GlobalSection(ProjectConfigurationPlatforms) = postSolution
		{275FFCC3-000C-4F39-A2AD-6BC9A44679E3}.Debug|Any CPU.ActiveCfg = Debug|Any CPU
		{275FFCC3-000C-4F39-A2AD-6BC9A44679E3}.Debug|Any CPU.Build.0 = Debug|Any CPU
		{275FFCC3-000C-4F39-A2AD-6BC9A44679E3}.Release|Any CPU.ActiveCfg = Release|Any CPU
		{275FFCC3-000C-4F39-A2AD-6BC9A44679E3}.Release|Any CPU.Build.0 = Release|Any CPU
		{DF08F59C-716C-4638-A0C0-C253A0CB4169}.Debug|Any CPU.ActiveCfg = Debug|Any CPU
		{DF08F59C-716C-4638-A0C0-C253A0CB4169}.Debug|Any CPU.Build.0 = Debug|Any CPU
		{DF08F59C-716C-4638-A0C0-C253A0CB4169}.Release|Any CPU.ActiveCfg = Release|Any CPU
		{DF08F59C-716C-4638-A0C0-C253A0CB4169}.Release|Any CPU.Build.0 = Release|Any CPU
		{547C3872-1B0D-4DAB-9FA3-B337EB86EF68}.Debug|Any CPU.ActiveCfg = Debug|Any CPU
		{547C3872-1B0D-4DAB-9FA3-B337EB86EF68}.Debug|Any CPU.Build.0 = Debug|Any CPU
		{547C3872-1B0D-4DAB-9FA3-B337EB86EF68}.Release|Any CPU.ActiveCfg = Release|Any CPU
		{547C3872-1B0D-4DAB-9FA3-B337EB86EF68}.Release|Any CPU.Build.0 = Release|Any CPU
		{8DB5B82E-68C8-44D2-949D-A2C9E236E7CF}.Debug|Any CPU.ActiveCfg = Debug|Any CPU
		{8DB5B82E-68C8-44D2-949D-A2C9E236E7CF}.Debug|Any CPU.Build.0 = Debug|Any CPU
		{8DB5B82E-68C8-44D2-949D-A2C9E236E7CF}.Release|Any CPU.ActiveCfg = Release|Any CPU
		{8DB5B82E-68C8-44D2-949D-A2C9E236E7CF}.Release|Any CPU.Build.0 = Release|Any CPU
		{0CE6D121-449B-4760-A572-C745923C7479}.Debug|Any CPU.ActiveCfg = Debug|Any CPU
		{0CE6D121-449B-4760-A572-C745923C7479}.Debug|Any CPU.Build.0 = Debug|Any CPU
		{0CE6D121-449B-4760-A572-C745923C7479}.Release|Any CPU.ActiveCfg = Release|Any CPU
		{0CE6D121-449B-4760-A572-C745923C7479}.Release|Any CPU.Build.0 = Release|Any CPU
	EndGlobalSection
	GlobalSection(SolutionProperties) = preSolution
		HideSolutionNode = FALSE
	EndGlobalSection
	GlobalSection(ExtensibilityGlobals) = postSolution
		SolutionGuid = {8DD22166-C47A-41B0-B741-A52BE3E86A0C}
	EndGlobalSection
EndGlobal
